
Microsoft Visual Studio Solution File, Format Version 12.00
# Visual Studio Version 17
VisualStudioVersion = 17.9.34902.65
MinimumVisualStudioVersion = 10.0.40219.1
Project("{FAE04EC0-301F-11D3-BF4B-00C04F79EFBC}") = "PrintLogService", "PrintLogService\PrintLogService.csproj", "{8AA8119A-B943-40CE-B66C-164AED6BAC0D}"
EndProject
Global
	GlobalSection(SolutionConfigurationPlatforms) = preSolution
		Debug|Any CPU = Debug|Any CPU
		Release|Any CPU = Release|Any CPU
	EndGlobalSection
	GlobalSection(ProjectConfigurationPlatforms) = postSolution
		{8AA8119A-B943-40CE-B66C-164AED6BAC0D}.Debug|Any CPU.ActiveCfg = Debug|Any CPU
		{8AA8119A-B943-40CE-B66C-164AED6BAC0D}.Debug|Any CPU.Build.0 = Debug|Any CPU
		{8AA8119A-B943-40CE-B66C-164AED6BAC0D}.Release|Any CPU.ActiveCfg = Release|Any CPU
		{8AA8119A-B943-40CE-B66C-164AED6BAC0D}.Release|Any CPU.Build.0 = Release|Any CPU
	EndGlobalSection
	GlobalSection(SolutionProperties) = preSolution
		HideSolutionNode = FALSE
	EndGlobalSection
	GlobalSection(ExtensibilityGlobals) = postSolution
		SolutionGuid = {E7B857E7-A3C8-474A-8318-A457C55F4F62}
	EndGlobalSection
EndGlobal
